
Microsoft Visual Studio Solution File, Format Version 12.00
# Visual Studio 2012
Project("{FAE04EC0-301F-11D3-BF4B-00C04F79EFBC}") = "MacSystemDrawing", "MacSystemDrawing\MacSystemDrawing.csproj", "{6FC6CF2E-2B01-4CC1-A996-758B3BB93BCC}"
EndProject
Global
	GlobalSection(SolutionConfigurationPlatforms) = preSolution
		Debug|x86 = Debug|x86
		Release|x86 = Release|x86
	EndGlobalSection
	GlobalSection(ProjectConfigurationPlatforms) = postSolution
		{6FC6CF2E-2B01-4CC1-A996-758B3BB93BCC}.Debug|x86.ActiveCfg = Debug|x86
		{6FC6CF2E-2B01-4CC1-A996-758B3BB93BCC}.Debug|x86.Build.0 = Debug|x86
		{6FC6CF2E-2B01-4CC1-A996-758B3BB93BCC}.Release|x86.ActiveCfg = Release|x86
		{6FC6CF2E-2B01-4CC1-A996-758B3BB93BCC}.Release|x86.Build.0 = Release|x86
	EndGlobalSection
EndGlobal
