
Microsoft Visual Studio Solution File, Format Version 12.00
# Visual Studio 2012
Project("{FAE04EC0-301F-11D3-BF4B-00C04F79EFBC}") = "ImageResize", "ImageResize\ImageResize.csproj", "{DD6F4403-E3C6-4F2E-9467-B8E17D6EE29A}"
EndProject
Global
	GlobalSection(SolutionConfigurationPlatforms) = preSolution
		Debug|x86 = Debug|x86
		Release|x86 = Release|x86
	EndGlobalSection
	GlobalSection(ProjectConfigurationPlatforms) = postSolution
		{DD6F4403-E3C6-4F2E-9467-B8E17D6EE29A}.Debug|x86.ActiveCfg = Debug|x86
		{DD6F4403-E3C6-4F2E-9467-B8E17D6EE29A}.Debug|x86.Build.0 = Debug|x86
		{DD6F4403-E3C6-4F2E-9467-B8E17D6EE29A}.Release|x86.ActiveCfg = Release|x86
		{DD6F4403-E3C6-4F2E-9467-B8E17D6EE29A}.Release|x86.Build.0 = Release|x86
	EndGlobalSection
EndGlobal
